
Microsoft Visual Studio Solution File, Format Version 12.00
# Visual Studio 15
VisualStudioVersion = 15.0.28307.705
MinimumVisualStudioVersion = 10.0.40219.1
Project("{FAE04EC0-301F-11D3-BF4B-00C04F79EFBC}") = "MK.IdentityServer.WebApi", "MK.IdentityServer.Host\MK.IdentityServer.WebApi.csproj", "{1DEB37FF-60B0-4399-8044-A68A92C3AC0F}"
EndProject
Global
	GlobalSection(SolutionConfigurationPlatforms) = preSolution
		Debug|Any CPU = Debug|Any CPU
		Release|Any CPU = Release|Any CPU
	EndGlobalSection
	GlobalSection(ProjectConfigurationPlatforms) = postSolution
		{1DEB37FF-60B0-4399-8044-A68A92C3AC0F}.Debug|Any CPU.ActiveCfg = Debug|Any CPU
		{1DEB37FF-60B0-4399-8044-A68A92C3AC0F}.Debug|Any CPU.Build.0 = Debug|Any CPU
		{1DEB37FF-60B0-4399-8044-A68A92C3AC0F}.Release|Any CPU.ActiveCfg = Release|Any CPU
		{1DEB37FF-60B0-4399-8044-A68A92C3AC0F}.Release|Any CPU.Build.0 = Release|Any CPU
	EndGlobalSection
	GlobalSection(SolutionProperties) = preSolution
		HideSolutionNode = FALSE
	EndGlobalSection
	GlobalSection(ExtensibilityGlobals) = postSolution
		SolutionGuid = {CE90292F-36C0-4AD6-82AA-E2BF8376ACE9}
	EndGlobalSection
EndGlobal
