
Microsoft Visual Studio Solution File, Format Version 12.00
# Visual Studio 15
VisualStudioVersion = 15.0.28307.705
MinimumVisualStudioVersion = 10.0.40219.1
Project("{FAE04EC0-301F-11D3-BF4B-00C04F79EFBC}") = "MK.IdentityServer.Host", "MK.IdentityServer.Host\MK.IdentityServer.Host.csproj", "{C825BC73-B525-4D84-8413-8DE3B2EFAB36}"
EndProject
Global
	GlobalSection(SolutionConfigurationPlatforms) = preSolution
		Debug|Any CPU = Debug|Any CPU
		Release|Any CPU = Release|Any CPU
	EndGlobalSection
	GlobalSection(ProjectConfigurationPlatforms) = postSolution
		{C825BC73-B525-4D84-8413-8DE3B2EFAB36}.Debug|Any CPU.ActiveCfg = Debug|Any CPU
		{C825BC73-B525-4D84-8413-8DE3B2EFAB36}.Debug|Any CPU.Build.0 = Debug|Any CPU
		{C825BC73-B525-4D84-8413-8DE3B2EFAB36}.Release|Any CPU.ActiveCfg = Release|Any CPU
		{C825BC73-B525-4D84-8413-8DE3B2EFAB36}.Release|Any CPU.Build.0 = Release|Any CPU
	EndGlobalSection
	GlobalSection(SolutionProperties) = preSolution
		HideSolutionNode = FALSE
	EndGlobalSection
	GlobalSection(ExtensibilityGlobals) = postSolution
		SolutionGuid = {CE90292F-36C0-4AD6-82AA-E2BF8376ACE9}
	EndGlobalSection
EndGlobal
